
Microsoft Visual Studio Solution File, Format Version 12.00
# Visual Studio Version 17
VisualStudioVersion = 17.10.35004.147
MinimumVisualStudioVersion = 10.0.40219.1
Project("{FAE04EC0-301F-11D3-BF4B-00C04F79EFBC}") = "ProjetoMRV", "ProjetoMRV.csproj", "{2B3451BE-2FDB-4C0A-B44B-8E6B1FE3131D}"
EndProject
Project("{FAE04EC0-301F-11D3-BF4B-00C04F79EFBC}") = "ProjetoMRV.Domain", "..\ProjetoMRV.Domain\ProjetoMRV.Domain.csproj", "{FA574F88-E557-49FB-BFA5-7514D39A23EB}"
EndProject
Project("{FAE04EC0-301F-11D3-BF4B-00C04F79EFBC}") = "ProjetoMRV.Infra", "..\ProjetoMRV.Infra\ProjetoMRV.Infra.csproj", "{347265A0-5D90-41F4-A034-2BF688171A74}"
EndProject
Global
	GlobalSection(SolutionConfigurationPlatforms) = preSolution
		Debug|Any CPU = Debug|Any CPU
		Release|Any CPU = Release|Any CPU
	EndGlobalSection
	GlobalSection(ProjectConfigurationPlatforms) = postSolution
		{2B3451BE-2FDB-4C0A-B44B-8E6B1FE3131D}.Debug|Any CPU.ActiveCfg = Debug|Any CPU
		{2B3451BE-2FDB-4C0A-B44B-8E6B1FE3131D}.Debug|Any CPU.Build.0 = Debug|Any CPU
		{2B3451BE-2FDB-4C0A-B44B-8E6B1FE3131D}.Release|Any CPU.ActiveCfg = Release|Any CPU
		{2B3451BE-2FDB-4C0A-B44B-8E6B1FE3131D}.Release|Any CPU.Build.0 = Release|Any CPU
		{FA574F88-E557-49FB-BFA5-7514D39A23EB}.Debug|Any CPU.ActiveCfg = Debug|Any CPU
		{FA574F88-E557-49FB-BFA5-7514D39A23EB}.Debug|Any CPU.Build.0 = Debug|Any CPU
		{FA574F88-E557-49FB-BFA5-7514D39A23EB}.Release|Any CPU.ActiveCfg = Release|Any CPU
		{FA574F88-E557-49FB-BFA5-7514D39A23EB}.Release|Any CPU.Build.0 = Release|Any CPU
		{347265A0-5D90-41F4-A034-2BF688171A74}.Debug|Any CPU.ActiveCfg = Debug|Any CPU
		{347265A0-5D90-41F4-A034-2BF688171A74}.Debug|Any CPU.Build.0 = Debug|Any CPU
		{347265A0-5D90-41F4-A034-2BF688171A74}.Release|Any CPU.ActiveCfg = Release|Any CPU
		{347265A0-5D90-41F4-A034-2BF688171A74}.Release|Any CPU.Build.0 = Release|Any CPU
	EndGlobalSection
	GlobalSection(SolutionProperties) = preSolution
		HideSolutionNode = FALSE
	EndGlobalSection
	GlobalSection(ExtensibilityGlobals) = postSolution
		SolutionGuid = {3FD1659F-40A0-470A-883B-6C998417A5E7}
	EndGlobalSection
EndGlobal
